
Microsoft Visual Studio Solution File, Format Version 12.00
# Visual Studio Version 16
VisualStudioVersion = 16.0.31402.337
MinimumVisualStudioVersion = 10.0.40219.1
Project("{FAE04EC0-301F-11D3-BF4B-00C04F79EFBC}") = "Flights", "Flights\Flights.csproj", "{5AB7A278-8688-4411-8848-9B00991E6EA8}"
EndProject
Global
	GlobalSection(SolutionConfigurationPlatforms) = preSolution
		Debug|Any CPU = Debug|Any CPU
		Release|Any CPU = Release|Any CPU
	EndGlobalSection
	GlobalSection(ProjectConfigurationPlatforms) = postSolution
		{5AB7A278-8688-4411-8848-9B00991E6EA8}.Debug|Any CPU.ActiveCfg = Debug|Any CPU
		{5AB7A278-8688-4411-8848-9B00991E6EA8}.Debug|Any CPU.Build.0 = Debug|Any CPU
		{5AB7A278-8688-4411-8848-9B00991E6EA8}.Release|Any CPU.ActiveCfg = Release|Any CPU
		{5AB7A278-8688-4411-8848-9B00991E6EA8}.Release|Any CPU.Build.0 = Release|Any CPU
	EndGlobalSection
	GlobalSection(SolutionProperties) = preSolution
		HideSolutionNode = FALSE
	EndGlobalSection
	GlobalSection(ExtensibilityGlobals) = postSolution
		SolutionGuid = {989499D3-8E3B-4AA2-9803-E5009CB49EBD}
	EndGlobalSection
EndGlobal
